# This file is autogenerated, do not edit; changes may be undone by the next 'dep ensure'.


[[projects]]
  name = "github.com/davecgh/go-spew"
  packages = ["spew"]
  revision = "346938d642f2ec3594ed81d874461961cd0faa76"
  version = "v1.1.0"

[[projects]]
  name = "github.com/dgrijalva/jwt-go"
  packages = ["."]
  revision = "d2709f9f1f31ebcda9651b03077758c1f3a0018c"
  version = "v3.0.0"

[[projects]]
  name = "github.com/google/jsonapi"
  packages = ["."]
  revision = "46d3ced0434461be12e555852e2f1a9ed382e139"
  version = "1.0.0"

[[projects]]
  name = "github.com/jinzhu/gorm"
  packages = ["."]
  revision = "5174cc5c242a728b435ea2be8a2f7f998e15429b"
  version = "v1.0"

[[projects]]
  branch = "master"
  name = "github.com/jinzhu/inflection"
  packages = ["."]
  revision = "1c35d901db3da928c72a72d8458480cc9ade058f"

[[projects]]
  name = "github.com/labstack/echo"
  packages = [".","middleware"]
  revision = "935a60782cbbc55110e7bd4b33120e4567cbee43"
  version = "v3.2.1"

[[projects]]
  name = "github.com/labstack/gommon"
  packages = ["bytes","color","log","random"]
  revision = "779b8a8b9850a97acba6a3fe20feb628c39e17c1"
  version = "0.2.2"

[[projects]]
  branch = "master"
  name = "github.com/lib/pq"
  packages = [".","oid"]
  revision = "dd1fe2071026ce53f36a39112e645b4d4f5793a4"

[[projects]]
  name = "github.com/mattn/go-colorable"
  packages = ["."]
  revision = "941b50ebc6efddf4c41c8e4537a5f68a4e686b24"
  version = "v0.0.8"

[[projects]]
  name = "github.com/mattn/go-isatty"
  packages = ["."]
  revision = "fc9e8d8ef48496124e79ae0df75490096eccf6fe"
  version = "v0.0.2"

[[projects]]
  branch = "master"
  name = "github.com/nferruzzi/gormGIS"
  packages = ["."]
  revision = "03632ffdc35f0d70fcb8397fd6610e451bcc4b1f"

[[projects]]
  branch = "master"
  name = "github.com/nu7hatch/gouuid"
  packages = ["."]
  revision = "179d4d0c4d8d407a32af483c2354df1d2c91e6c3"

[[projects]]
  name = "github.com/pmezard/go-difflib"
  packages = ["difflib"]
  revision = "792786c7400a136282c1664665ae0a8db921c6c2"
  version = "v1.0.0"

[[projects]]
  name = "github.com/stretchr/testify"
  packages = ["assert"]
  revision = "69483b4bd14f5845b5a1e55bca19e954e827f1d0"
  version = "v1.1.4"

[[projects]]
  branch = "master"
  name = "github.com/valyala/bytebufferpool"
  packages = ["."]
  revision = "e746df99fe4a3986f4d4f79e13c1e0117ce9c2f7"

[[projects]]
  branch = "master"
  name = "github.com/valyala/fasttemplate"
  packages = ["."]
  revision = "dcecefd839c4193db0d35b88ec65b4c12d360ab0"

[[projects]]
  branch = "master"
  name = "golang.org/x/crypto"
  packages = ["acme","acme/autocert","bcrypt","blowfish"]
  revision = "6914964337150723782436d56b3f21610a74ce7b"

[[projects]]
  branch = "master"
  name = "golang.org/x/sys"
  packages = ["unix"]
  revision = "7a4fde3fda8ef580a89dbae8138c26041be14299"

[solve-meta]
  analyzer-name = "dep"
  analyzer-version = 1
  inputs-digest = "67fc33b8c6d566c3173eedf686a69c8a60ec4740e1af75fce43889d958985434"
  solver-name = "gps-cdcl"
  solver-version = 1
